// !$*UTF8*$!
{
	archiveVersion = 1;
	classes = {
	};
	objectVersion = 46;
	objects = {

/* Begin PBXBuildFile section */
		6E07F5FB1F79A127002FF537 /* LastEventDateTests.swift in Sources */ = {isa = PBXBuildFile; fileRef = 6E07F5FA1F79A127002FF537 /* LastEventDateTests.swift */; };
		6EB7F9D51F77F80B005F8A25 /* FirstEventDateTests.swift in Sources */ = {isa = PBXBuildFile; fileRef = 6EB7F9D41F77F80B005F8A25 /* FirstEventDateTests.swift */; };
		6EB7F9D71F7803D5005F8A25 /* ExecutionsTest.swift in Sources */ = {isa = PBXBuildFile; fileRef = 6EB7F9D61F7803D5005F8A25 /* ExecutionsTest.swift */; };
		6EB7F9D91F783D1C005F8A25 /* ExecutionsDateTest.swift in Sources */ = {isa = PBXBuildFile; fileRef = 6EB7F9D81F783D1C005F8A25 /* ExecutionsDateTest.swift */; };
		6EB7F9DB1F784CDE005F8A25 /* MixedTests.swift in Sources */ = {isa = PBXBuildFile; fileRef = 6EB7F9DA1F784CDE005F8A25 /* MixedTests.swift */; };
		6EBAFD9C1F76A93F007B6ABF /* WaitForIt.framework in Frameworks */ = {isa = PBXBuildFile; fileRef = 6EBAFD921F76A93F007B6ABF /* WaitForIt.framework */; };
		6EBAFDA11F76A93F007B6ABF /* EventsCountTests.swift in Sources */ = {isa = PBXBuildFile; fileRef = 6EBAFDA01F76A93F007B6ABF /* EventsCountTests.swift */; };
		6EBAFDA31F76A93F007B6ABF /* WaitForIt.h in Headers */ = {isa = PBXBuildFile; fileRef = 6EBAFD951F76A93F007B6ABF /* WaitForIt.h */; settings = {ATTRIBUTES = (Public, ); }; };
		6EBAFDAE1F76A9A8007B6ABF /* WaitForIt.swift in Sources */ = {isa = PBXBuildFile; fileRef = 6EBAFDAD1F76A9A8007B6ABF /* WaitForIt.swift */; };
		6EC6264E1F79594D00DCD91D /* CustomConditionsTest.swift in Sources */ = {isa = PBXBuildFile; fileRef = 6EC6264D1F79594D00DCD91D /* CustomConditionsTest.swift */; };
/* End PBXBuildFile section */

/* Begin PBXContainerItemProxy section */
		6EBAFD9D1F76A93F007B6ABF /* PBXContainerItemProxy */ = {
			isa = PBXContainerItemProxy;
			containerPortal = 6EBAFD891F76A93F007B6ABF /* Project object */;
			proxyType = 1;
			remoteGlobalIDString = 6EBAFD911F76A93F007B6ABF;
			remoteInfo = WaitForIt;
		};
/* End PBXContainerItemProxy section */

/* Begin PBXFileReference section */
		6E07F5FA1F79A127002FF537 /* LastEventDateTests.swift */ = {isa = PBXFileReference; fileEncoding = 4; lastKnownFileType = sourcecode.swift; path = LastEventDateTests.swift; sourceTree = "<group>"; };
		6EB7F9D41F77F80B005F8A25 /* FirstEventDateTests.swift */ = {isa = PBXFileReference; fileEncoding = 4; lastKnownFileType = sourcecode.swift; path = FirstEventDateTests.swift; sourceTree = "<group>"; };
		6EB7F9D61F7803D5005F8A25 /* ExecutionsTest.swift */ = {isa = PBXFileReference; fileEncoding = 4; lastKnownFileType = sourcecode.swift; path = ExecutionsTest.swift; sourceTree = "<group>"; };
		6EB7F9D81F783D1C005F8A25 /* ExecutionsDateTest.swift */ = {isa = PBXFileReference; fileEncoding = 4; lastKnownFileType = sourcecode.swift; path = ExecutionsDateTest.swift; sourceTree = "<group>"; };
		6EB7F9DA1F784CDE005F8A25 /* MixedTests.swift */ = {isa = PBXFileReference; fileEncoding = 4; lastKnownFileType = sourcecode.swift; path = MixedTests.swift; sourceTree = "<group>"; };
		6EBAFD921F76A93F007B6ABF /* WaitForIt.framework */ = {isa = PBXFileReference; explicitFileType = wrapper.framework; includeInIndex = 0; path = WaitForIt.framework; sourceTree = BUILT_PRODUCTS_DIR; };
		6EBAFD951F76A93F007B6ABF /* WaitForIt.h */ = {isa = PBXFileReference; lastKnownFileType = sourcecode.c.h; path = WaitForIt.h; sourceTree = "<group>"; };
		6EBAFD961F76A93F007B6ABF /* Info.plist */ = {isa = PBXFileReference; lastKnownFileType = text.plist.xml; path = Info.plist; sourceTree = "<group>"; };
		6EBAFD9B1F76A93F007B6ABF /* WaitForItTests.xctest */ = {isa = PBXFileReference; explicitFileType = wrapper.cfbundle; includeInIndex = 0; path = WaitForItTests.xctest; sourceTree = BUILT_PRODUCTS_DIR; };
		6EBAFDA01F76A93F007B6ABF /* EventsCountTests.swift */ = {isa = PBXFileReference; lastKnownFileType = sourcecode.swift; path = EventsCountTests.swift; sourceTree = "<group>"; };
		6EBAFDA21F76A93F007B6ABF /* Info.plist */ = {isa = PBXFileReference; lastKnownFileType = text.plist.xml; path = Info.plist; sourceTree = "<group>"; };
		6EBAFDAD1F76A9A8007B6ABF /* WaitForIt.swift */ = {isa = PBXFileReference; fileEncoding = 4; lastKnownFileType = sourcecode.swift; path = WaitForIt.swift; sourceTree = "<group>"; };
		6EC6264D1F79594D00DCD91D /* CustomConditionsTest.swift */ = {isa = PBXFileReference; fileEncoding = 4; lastKnownFileType = sourcecode.swift; path = CustomConditionsTest.swift; sourceTree = "<group>"; };
/* End PBXFileReference section */

/* Begin PBXFrameworksBuildPhase section */
		6EBAFD8E1F76A93F007B6ABF /* Frameworks */ = {
			isa = PBXFrameworksBuildPhase;
			buildActionMask = 2147483647;
			files = (
			);
			runOnlyForDeploymentPostprocessing = 0;
		};
		6EBAFD981F76A93F007B6ABF /* Frameworks */ = {
			isa = PBXFrameworksBuildPhase;
			buildActionMask = 2147483647;
			files = (
				6EBAFD9C1F76A93F007B6ABF /* WaitForIt.framework in Frameworks */,
			);
			runOnlyForDeploymentPostprocessing = 0;
		};
/* End PBXFrameworksBuildPhase section */

/* Begin PBXGroup section */
		6EBAFD881F76A93F007B6ABF = {
			isa = PBXGroup;
			children = (
				6EBAFD931F76A93F007B6ABF /* Products */,
				6EBAFD941F76A93F007B6ABF /* WaitForIt */,
				6EBAFD9F1F76A93F007B6ABF /* WaitForItTests */,
			);
			sourceTree = "<group>";
		};
		6EBAFD931F76A93F007B6ABF /* Products */ = {
			isa = PBXGroup;
			children = (
				6EBAFD921F76A93F007B6ABF /* WaitForIt.framework */,
				6EBAFD9B1F76A93F007B6ABF /* WaitForItTests.xctest */,
			);
			name = Products;
			sourceTree = "<group>";
		};
		6EBAFD941F76A93F007B6ABF /* WaitForIt */ = {
			isa = PBXGroup;
			children = (
				6EBAFDAC1F76A99C007B6ABF /* Source */,
				6EBAFD961F76A93F007B6ABF /* Info.plist */,
				6EBAFD951F76A93F007B6ABF /* WaitForIt.h */,
			);
			path = WaitForIt;
			sourceTree = "<group>";
		};
		6EBAFD9F1F76A93F007B6ABF /* WaitForItTests */ = {
			isa = PBXGroup;
			children = (
				6EB7F9D41F77F80B005F8A25 /* FirstEventDateTests.swift */,
				6E07F5FA1F79A127002FF537 /* LastEventDateTests.swift */,
				6EBAFDA01F76A93F007B6ABF /* EventsCountTests.swift */,
				6EB7F9D81F783D1C005F8A25 /* ExecutionsDateTest.swift */,
				6EB7F9D61F7803D5005F8A25 /* ExecutionsTest.swift */,
				6EBAFDA21F76A93F007B6ABF /* Info.plist */,
				6EB7F9DA1F784CDE005F8A25 /* MixedTests.swift */,
				6EC6264D1F79594D00DCD91D /* CustomConditionsTest.swift */,
			);
			path = WaitForItTests;
			sourceTree = "<group>";
		};
		6EBAFDAC1F76A99C007B6ABF /* Source */ = {
			isa = PBXGroup;
			children = (
				6EBAFDAD1F76A9A8007B6ABF /* WaitForIt.swift */,
			);
			path = Source;
			sourceTree = "<group>";
		};
/* End PBXGroup section */

/* Begin PBXHeadersBuildPhase section */
		6EBAFD8F1F76A93F007B6ABF /* Headers */ = {
			isa = PBXHeadersBuildPhase;
			buildActionMask = 2147483647;
			files = (
				6EBAFDA31F76A93F007B6ABF /* WaitForIt.h in Headers */,
			);
			runOnlyForDeploymentPostprocessing = 0;
		};
/* End PBXHeadersBuildPhase section */

/* Begin PBXNativeTarget section */
		6EBAFD911F76A93F007B6ABF /* WaitForIt */ = {
			isa = PBXNativeTarget;
			buildConfigurationList = 6EBAFDA61F76A93F007B6ABF /* Build configuration list for PBXNativeTarget "WaitForIt" */;
			buildPhases = (
				6EBAFD8D1F76A93F007B6ABF /* Sources */,
				6EBAFD8E1F76A93F007B6ABF /* Frameworks */,
				6EBAFD8F1F76A93F007B6ABF /* Headers */,
				6EBAFD901F76A93F007B6ABF /* Resources */,
			);
			buildRules = (
			);
			dependencies = (
			);
			name = WaitForIt;
			productName = WaitForIt;
			productReference = 6EBAFD921F76A93F007B6ABF /* WaitForIt.framework */;
			productType = "com.apple.product-type.framework";
		};
		6EBAFD9A1F76A93F007B6ABF /* WaitForItTests */ = {
			isa = PBXNativeTarget;
			buildConfigurationList = 6EBAFDA91F76A93F007B6ABF /* Build configuration list for PBXNativeTarget "WaitForItTests" */;
			buildPhases = (
				6EBAFD971F76A93F007B6ABF /* Sources */,
				6EBAFD981F76A93F007B6ABF /* Frameworks */,
				6EBAFD991F76A93F007B6ABF /* Resources */,
			);
			buildRules = (
			);
			dependencies = (
				6EBAFD9E1F76A93F007B6ABF /* PBXTargetDependency */,
			);
			name = WaitForItTests;
			productName = WaitForItTests;
			productReference = 6EBAFD9B1F76A93F007B6ABF /* WaitForItTests.xctest */;
			productType = "com.apple.product-type.bundle.unit-test";
		};
/* End PBXNativeTarget section */

/* Begin PBXProject section */
		6EBAFD891F76A93F007B6ABF /* Project object */ = {
			isa = PBXProject;
			attributes = {
				LastSwiftUpdateCheck = 0830;
				LastUpgradeCheck = 0830;
				ORGANIZATIONNAME = PabloWeb;
				TargetAttributes = {
					6EBAFD911F76A93F007B6ABF = {
						CreatedOnToolsVersion = 8.3.3;
						DevelopmentTeam = K2TJ3T5LZE;
						LastSwiftMigration = 0830;
						ProvisioningStyle = Automatic;
					};
					6EBAFD9A1F76A93F007B6ABF = {
						CreatedOnToolsVersion = 8.3.3;
						DevelopmentTeam = K2TJ3T5LZE;
						ProvisioningStyle = Automatic;
					};
				};
			};
			buildConfigurationList = 6EBAFD8C1F76A93F007B6ABF /* Build configuration list for PBXProject "WaitForIt" */;
			compatibilityVersion = "Xcode 3.2";
			developmentRegion = English;
			hasScannedForEncodings = 0;
			knownRegions = (
				en,
			);
			mainGroup = 6EBAFD881F76A93F007B6ABF;
			productRefGroup = 6EBAFD931F76A93F007B6ABF /* Products */;
			projectDirPath = "";
			projectRoot = "";
			targets = (
				6EBAFD911F76A93F007B6ABF /* WaitForIt */,
				6EBAFD9A1F76A93F007B6ABF /* WaitForItTests */,
			);
		};
/* End PBXProject section */

/* Begin PBXResourcesBuildPhase section */
		6EBAFD901F76A93F007B6ABF /* Resources */ = {
			isa = PBXResourcesBuildPhase;
			buildActionMask = 2147483647;
			files = (
			);
			runOnlyForDeploymentPostprocessing = 0;
		};
		6EBAFD991F76A93F007B6ABF /* Resources */ = {
			isa = PBXResourcesBuildPhase;
			buildActionMask = 2147483647;
			files = (
			);
			runOnlyForDeploymentPostprocessing = 0;
		};
/* End PBXResourcesBuildPhase section */

/* Begin PBXSourcesBuildPhase section */
		6EBAFD8D1F76A93F007B6ABF /* Sources */ = {
			isa = PBXSourcesBuildPhase;
			buildActionMask = 2147483647;
			files = (
				6EBAFDAE1F76A9A8007B6ABF /* WaitForIt.swift in Sources */,
			);
			runOnlyForDeploymentPostprocessing = 0;
		};
		6EBAFD971F76A93F007B6ABF /* Sources */ = {
			isa = PBXSourcesBuildPhase;
			buildActionMask = 2147483647;
			files = (
				6EC6264E1F79594D00DCD91D /* CustomConditionsTest.swift in Sources */,
				6EB7F9D91F783D1C005F8A25 /* ExecutionsDateTest.swift in Sources */,
				6EB7F9D71F7803D5005F8A25 /* ExecutionsTest.swift in Sources */,
				6EB7F9DB1F784CDE005F8A25 /* MixedTests.swift in Sources */,
				6EBAFDA11F76A93F007B6ABF /* EventsCountTests.swift in Sources */,
				6EB7F9D51F77F80B005F8A25 /* FirstEventDateTests.swift in Sources */,
				6E07F5FB1F79A127002FF537 /* LastEventDateTests.swift in Sources */,
			);
			runOnlyForDeploymentPostprocessing = 0;
		};
/* End PBXSourcesBuildPhase section */

/* Begin PBXTargetDependency section */
		6EBAFD9E1F76A93F007B6ABF /* PBXTargetDependency */ = {
			isa = PBXTargetDependency;
			target = 6EBAFD911F76A93F007B6ABF /* WaitForIt */;
			targetProxy = 6EBAFD9D1F76A93F007B6ABF /* PBXContainerItemProxy */;
		};
/* End PBXTargetDependency section */

/* Begin XCBuildConfiguration section */
		6EBAFDA41F76A93F007B6ABF /* Debug */ = {
			isa = XCBuildConfiguration;
			buildSettings = {
				ALWAYS_SEARCH_USER_PATHS = NO;
				CLANG_ANALYZER_NONNULL = YES;
				CLANG_ANALYZER_NUMBER_OBJECT_CONVERSION = YES_AGGRESSIVE;
				CLANG_CXX_LANGUAGE_STANDARD = "gnu++0x";
				CLANG_CXX_LIBRARY = "libc++";
				CLANG_ENABLE_MODULES = YES;
				CLANG_ENABLE_OBJC_ARC = YES;
				CLANG_WARN_BOOL_CONVERSION = YES;
				CLANG_WARN_CONSTANT_CONVERSION = YES;
				CLANG_WARN_DIRECT_OBJC_ISA_USAGE = YES_ERROR;
				CLANG_WARN_DOCUMENTATION_COMMENTS = YES;
				CLANG_WARN_EMPTY_BODY = YES;
				CLANG_WARN_ENUM_CONVERSION = YES;
				CLANG_WARN_INFINITE_RECURSION = YES;
				CLANG_WARN_INT_CONVERSION = YES;
				CLANG_WARN_OBJC_ROOT_CLASS = YES_ERROR;
				CLANG_WARN_SUSPICIOUS_MOVE = YES;
				CLANG_WARN_UNREACHABLE_CODE = YES;
				CLANG_WARN__DUPLICATE_METHOD_MATCH = YES;
				"CODE_SIGN_IDENTITY[sdk=iphoneos*]" = "iPhone Developer";
				COPY_PHASE_STRIP = NO;
				CURRENT_PROJECT_VERSION = 1;
				DEBUG_INFORMATION_FORMAT = dwarf;
				ENABLE_STRICT_OBJC_MSGSEND = YES;
				ENABLE_TESTABILITY = YES;
				GCC_C_LANGUAGE_STANDARD = gnu99;
				GCC_DYNAMIC_NO_PIC = NO;
				GCC_NO_COMMON_BLOCKS = YES;
				GCC_OPTIMIZATION_LEVEL = 0;
				GCC_PREPROCESSOR_DEFINITIONS = (
					"DEBUG=1",
					"$(inherited)",
				);
				GCC_WARN_64_TO_32_BIT_CONVERSION = YES;
				GCC_WARN_ABOUT_RETURN_TYPE = YES_ERROR;
				GCC_WARN_UNDECLARED_SELECTOR = YES;
				GCC_WARN_UNINITIALIZED_AUTOS = YES_AGGRESSIVE;
				GCC_WARN_UNUSED_FUNCTION = YES;
				GCC_WARN_UNUSED_VARIABLE = YES;
				IPHONEOS_DEPLOYMENT_TARGET = 10.3;
				MTL_ENABLE_DEBUG_INFO = YES;
				ONLY_ACTIVE_ARCH = YES;
				SDKROOT = iphoneos;
				SWIFT_ACTIVE_COMPILATION_CONDITIONS = DEBUG;
				SWIFT_OPTIMIZATION_LEVEL = "-Onone";
				TARGETED_DEVICE_FAMILY = "1,2";
				VERSIONING_SYSTEM = "apple-generic";
				VERSION_INFO_PREFIX = "";
			};
			name = Debug;
		};
		6EBAFDA51F76A93F007B6ABF /* Release */ = {
			isa = XCBuildConfiguration;
			buildSettings = {
				ALWAYS_SEARCH_USER_PATHS = NO;
				CLANG_ANALYZER_NONNULL = YES;
				CLANG_ANALYZER_NUMBER_OBJECT_CONVERSION = YES_AGGRESSIVE;
				CLANG_CXX_LANGUAGE_STANDARD = "gnu++0x";
				CLANG_CXX_LIBRARY = "libc++";
				CLANG_ENABLE_MODULES = YES;
				CLANG_ENABLE_OBJC_ARC = YES;
				CLANG_WARN_BOOL_CONVERSION = YES;
				CLANG_WARN_CONSTANT_CONVERSION = YES;
				CLANG_WARN_DIRECT_OBJC_ISA_USAGE = YES_ERROR;
				CLANG_WARN_DOCUMENTATION_COMMENTS = YES;
				CLANG_WARN_EMPTY_BODY = YES;
				CLANG_WARN_ENUM_CONVERSION = YES;
				CLANG_WARN_INFINITE_RECURSION = YES;
				CLANG_WARN_INT_CONVERSION = YES;
				CLANG_WARN_OBJC_ROOT_CLASS = YES_ERROR;
				CLANG_WARN_SUSPICIOUS_MOVE = YES;
				CLANG_WARN_UNREACHABLE_CODE = YES;
				CLANG_WARN__DUPLICATE_METHOD_MATCH = YES;
				"CODE_SIGN_IDENTITY[sdk=iphoneos*]" = "iPhone Developer";
				COPY_PHASE_STRIP = NO;
				CURRENT_PROJECT_VERSION = 1;
				DEBUG_INFORMATION_FORMAT = "dwarf-with-dsym";
				ENABLE_NS_ASSERTIONS = NO;
				ENABLE_STRICT_OBJC_MSGSEND = YES;
				GCC_C_LANGUAGE_STANDARD = gnu99;
				GCC_NO_COMMON_BLOCKS = YES;
				GCC_WARN_64_TO_32_BIT_CONVERSION = YES;
				GCC_WARN_ABOUT_RETURN_TYPE = YES_ERROR;
				GCC_WARN_UNDECLARED_SELECTOR = YES;
				GCC_WARN_UNINITIALIZED_AUTOS = YES_AGGRESSIVE;
				GCC_WARN_UNUSED_FUNCTION = YES;
				GCC_WARN_UNUSED_VARIABLE = YES;
				IPHONEOS_DEPLOYMENT_TARGET = 10.3;
				MTL_ENABLE_DEBUG_INFO = NO;
				SDKROOT = iphoneos;
				SWIFT_OPTIMIZATION_LEVEL = "-Owholemodule";
				TARGETED_DEVICE_FAMILY = "1,2";
				VALIDATE_PRODUCT = YES;
				VERSIONING_SYSTEM = "apple-generic";
				VERSION_INFO_PREFIX = "";
			};
			name = Release;
		};
		6EBAFDA71F76A93F007B6ABF /* Debug */ = {
			isa = XCBuildConfiguration;
			buildSettings = {
				CLANG_ENABLE_MODULES = YES;
				CODE_SIGN_IDENTITY = "";
				DEFINES_MODULE = YES;
				DEVELOPMENT_TEAM = K2TJ3T5LZE;
				DYLIB_COMPATIBILITY_VERSION = 1;
				DYLIB_CURRENT_VERSION = 1;
				DYLIB_INSTALL_NAME_BASE = "@rpath";
				INFOPLIST_FILE = WaitForIt/Info.plist;
				INSTALL_PATH = "$(LOCAL_LIBRARY_DIR)/Frameworks";
				LD_RUNPATH_SEARCH_PATHS = "$(inherited) @executable_path/Frameworks @loader_path/Frameworks";
				PRODUCT_BUNDLE_IDENTIFIER = new.pabloweb.WaitForIt;
				PRODUCT_NAME = "$(TARGET_NAME)";
				SKIP_INSTALL = YES;
				SWIFT_OPTIMIZATION_LEVEL = "-Onone";
				SWIFT_VERSION = 3.0;
			};
			name = Debug;
		};
		6EBAFDA81F76A93F007B6ABF /* Release */ = {
			isa = XCBuildConfiguration;
			buildSettings = {
				CLANG_ENABLE_MODULES = YES;
				CODE_SIGN_IDENTITY = "";
				DEFINES_MODULE = YES;
				DEVELOPMENT_TEAM = K2TJ3T5LZE;
				DYLIB_COMPATIBILITY_VERSION = 1;
				DYLIB_CURRENT_VERSION = 1;
				DYLIB_INSTALL_NAME_BASE = "@rpath";
				INFOPLIST_FILE = WaitForIt/Info.plist;
				INSTALL_PATH = "$(LOCAL_LIBRARY_DIR)/Frameworks";
				LD_RUNPATH_SEARCH_PATHS = "$(inherited) @executable_path/Frameworks @loader_path/Frameworks";
				PRODUCT_BUNDLE_IDENTIFIER = new.pabloweb.WaitForIt;
				PRODUCT_NAME = "$(TARGET_NAME)";
				SKIP_INSTALL = YES;
				SWIFT_VERSION = 3.0;
			};
			name = Release;
		};
		6EBAFDAA1F76A93F007B6ABF /* Debug */ = {
			isa = XCBuildConfiguration;
			buildSettings = {
				ALWAYS_EMBED_SWIFT_STANDARD_LIBRARIES = YES;
				DEVELOPMENT_TEAM = K2TJ3T5LZE;
				INFOPLIST_FILE = WaitForItTests/Info.plist;
				LD_RUNPATH_SEARCH_PATHS = "$(inherited) @executable_path/Frameworks @loader_path/Frameworks";
				PRODUCT_BUNDLE_IDENTIFIER = new.pabloweb.WaitForItTests;
				PRODUCT_NAME = "$(TARGET_NAME)";
				SWIFT_VERSION = 3.0;
			};
			name = Debug;
		};
		6EBAFDAB1F76A93F007B6ABF /* Release */ = {
			isa = XCBuildConfiguration;
			buildSettings = {
				ALWAYS_EMBED_SWIFT_STANDARD_LIBRARIES = YES;
				DEVELOPMENT_TEAM = K2TJ3T5LZE;
				INFOPLIST_FILE = WaitForItTests/Info.plist;
				LD_RUNPATH_SEARCH_PATHS = "$(inherited) @executable_path/Frameworks @loader_path/Frameworks";
				PRODUCT_BUNDLE_IDENTIFIER = new.pabloweb.WaitForItTests;
				PRODUCT_NAME = "$(TARGET_NAME)";
				SWIFT_VERSION = 3.0;
			};
			name = Release;
		};
/* End XCBuildConfiguration section */

/* Begin XCConfigurationList section */
		6EBAFD8C1F76A93F007B6ABF /* Build configuration list for PBXProject "WaitForIt" */ = {
			isa = XCConfigurationList;
			buildConfigurations = (
				6EBAFDA41F76A93F007B6ABF /* Debug */,
				6EBAFDA51F76A93F007B6ABF /* Release */,
			);
			defaultConfigurationIsVisible = 0;
			defaultConfigurationName = Release;
		};
		6EBAFDA61F76A93F007B6ABF /* Build configuration list for PBXNativeTarget "WaitForIt" */ = {
			isa = XCConfigurationList;
			buildConfigurations = (
				6EBAFDA71F76A93F007B6ABF /* Debug */,
				6EBAFDA81F76A93F007B6ABF /* Release */,
			);
			defaultConfigurationIsVisible = 0;
			defaultConfigurationName = Release;
		};
		6EBAFDA91F76A93F007B6ABF /* Build configuration list for PBXNativeTarget "WaitForItTests" */ = {
			isa = XCConfigurationList;
			buildConfigurations = (
				6EBAFDAA1F76A93F007B6ABF /* Debug */,
				6EBAFDAB1F76A93F007B6ABF /* Release */,
			);
			defaultConfigurationIsVisible = 0;
			defaultConfigurationName = Release;
		};
/* End XCConfigurationList section */
	};
	rootObject = 6EBAFD891F76A93F007B6ABF /* Project object */;
}
